
Microsoft Visual Studio Solution File, Format Version 12.00
# Visual Studio 15
VisualStudioVersion = 15.0.26124.0
MinimumVisualStudioVersion = 15.0.26124.0
Project("{9A19103F-16F7-4668-BE54-9A1E7A4F7556}") = "DrivenDb.Standard", "DrivenDb.Standard\DrivenDb.Standard.csproj", "{6FFE75B9-09C5-4313-89BC-3D1A572CC53A}"
EndProject
Project("{FAE04EC0-301F-11D3-BF4B-00C04F79EFBC}") = "DrivenDb.Console", "DrivenDb.Console\DrivenDb.Console.csproj", "{EA814FD8-F8C9-4420-8A37-8B31823C0B64}"
EndProject
Global
	GlobalSection(SolutionConfigurationPlatforms) = preSolution
		Debug|Any CPU = Debug|Any CPU
		Debug|x64 = Debug|x64
		Debug|x86 = Debug|x86
		Release|Any CPU = Release|Any CPU
		Release|x64 = Release|x64
		Release|x86 = Release|x86
	EndGlobalSection
	GlobalSection(ProjectConfigurationPlatforms) = postSolution
		{6FFE75B9-09C5-4313-89BC-3D1A572CC53A}.Debug|Any CPU.ActiveCfg = Debug|Any CPU
		{6FFE75B9-09C5-4313-89BC-3D1A572CC53A}.Debug|Any CPU.Build.0 = Debug|Any CPU
		{6FFE75B9-09C5-4313-89BC-3D1A572CC53A}.Debug|x64.ActiveCfg = Debug|Any CPU
		{6FFE75B9-09C5-4313-89BC-3D1A572CC53A}.Debug|x64.Build.0 = Debug|Any CPU
		{6FFE75B9-09C5-4313-89BC-3D1A572CC53A}.Debug|x86.ActiveCfg = Debug|Any CPU
		{6FFE75B9-09C5-4313-89BC-3D1A572CC53A}.Debug|x86.Build.0 = Debug|Any CPU
		{6FFE75B9-09C5-4313-89BC-3D1A572CC53A}.Release|Any CPU.ActiveCfg = Release|Any CPU
		{6FFE75B9-09C5-4313-89BC-3D1A572CC53A}.Release|Any CPU.Build.0 = Release|Any CPU
		{6FFE75B9-09C5-4313-89BC-3D1A572CC53A}.Release|x64.ActiveCfg = Release|Any CPU
		{6FFE75B9-09C5-4313-89BC-3D1A572CC53A}.Release|x64.Build.0 = Release|Any CPU
		{6FFE75B9-09C5-4313-89BC-3D1A572CC53A}.Release|x86.ActiveCfg = Release|Any CPU
		{6FFE75B9-09C5-4313-89BC-3D1A572CC53A}.Release|x86.Build.0 = Release|Any CPU
		{EA814FD8-F8C9-4420-8A37-8B31823C0B64}.Debug|Any CPU.ActiveCfg = Debug|Any CPU
		{EA814FD8-F8C9-4420-8A37-8B31823C0B64}.Debug|Any CPU.Build.0 = Debug|Any CPU
		{EA814FD8-F8C9-4420-8A37-8B31823C0B64}.Debug|x64.ActiveCfg = Debug|Any CPU
		{EA814FD8-F8C9-4420-8A37-8B31823C0B64}.Debug|x64.Build.0 = Debug|Any CPU
		{EA814FD8-F8C9-4420-8A37-8B31823C0B64}.Debug|x86.ActiveCfg = Debug|Any CPU
		{EA814FD8-F8C9-4420-8A37-8B31823C0B64}.Debug|x86.Build.0 = Debug|Any CPU
		{EA814FD8-F8C9-4420-8A37-8B31823C0B64}.Release|Any CPU.ActiveCfg = Release|Any CPU
		{EA814FD8-F8C9-4420-8A37-8B31823C0B64}.Release|Any CPU.Build.0 = Release|Any CPU
		{EA814FD8-F8C9-4420-8A37-8B31823C0B64}.Release|x64.ActiveCfg = Release|Any CPU
		{EA814FD8-F8C9-4420-8A37-8B31823C0B64}.Release|x64.Build.0 = Release|Any CPU
		{EA814FD8-F8C9-4420-8A37-8B31823C0B64}.Release|x86.ActiveCfg = Release|Any CPU
		{EA814FD8-F8C9-4420-8A37-8B31823C0B64}.Release|x86.Build.0 = Release|Any CPU
	EndGlobalSection
	GlobalSection(SolutionProperties) = preSolution
		HideSolutionNode = FALSE
	EndGlobalSection
	GlobalSection(ExtensibilityGlobals) = postSolution
		SolutionGuid = {6F4071A1-E097-4E0E-AAF8-02F484BF394D}
	EndGlobalSection
EndGlobal
