
Microsoft Visual Studio Solution File, Format Version 12.00
# Visual Studio 15
VisualStudioVersion = 15.0.26124.0
MinimumVisualStudioVersion = 15.0.26124.0
Project("{FAE04EC0-301F-11D3-BF4B-00C04F79EFBC}") = "DrivenDb.Standard", "DrivenDb.Standard\DrivenDb.Standard.csproj", "{BC3B8627-D426-4FD1-B39B-01344AC15EFE}"
EndProject
Project("{FAE04EC0-301F-11D3-BF4B-00C04F79EFBC}") = "DrivenDb.SqLite.Tests", "DrivenDb.SqLite.Tests\DrivenDb.SqLite.Tests.csproj", "{77D9C1E3-2DC8-4E46-ACD2-80E0C20FF26C}"
EndProject
Project("{FAE04EC0-301F-11D3-BF4B-00C04F79EFBC}") = "DrivenDb.MySql.Tests", "DrivenDb.MySql.Tests\DrivenDb.MySql.Tests.csproj", "{0C6C91E1-B482-4E6D-8B47-7059709DD8AB}"
EndProject
Project("{FAE04EC0-301F-11D3-BF4B-00C04F79EFBC}") = "DrivenDb.MsSql.Tests", "DrivenDb.MsSql.Tests\DrivenDb.MsSql.Tests.csproj", "{04E0C32D-36AB-4426-B585-06E6CEAF1F03}"
EndProject
Global
	GlobalSection(SolutionConfigurationPlatforms) = preSolution
		Debug|Any CPU = Debug|Any CPU
		Debug|x64 = Debug|x64
		Debug|x86 = Debug|x86
		Release|Any CPU = Release|Any CPU
		Release|x64 = Release|x64
		Release|x86 = Release|x86
	EndGlobalSection
	GlobalSection(SolutionProperties) = preSolution
		HideSolutionNode = FALSE
	EndGlobalSection
	GlobalSection(ProjectConfigurationPlatforms) = postSolution
		{BC3B8627-D426-4FD1-B39B-01344AC15EFE}.Debug|Any CPU.ActiveCfg = Debug|Any CPU
		{BC3B8627-D426-4FD1-B39B-01344AC15EFE}.Debug|Any CPU.Build.0 = Debug|Any CPU
		{BC3B8627-D426-4FD1-B39B-01344AC15EFE}.Debug|x64.ActiveCfg = Debug|Any CPU
		{BC3B8627-D426-4FD1-B39B-01344AC15EFE}.Debug|x64.Build.0 = Debug|Any CPU
		{BC3B8627-D426-4FD1-B39B-01344AC15EFE}.Debug|x86.ActiveCfg = Debug|Any CPU
		{BC3B8627-D426-4FD1-B39B-01344AC15EFE}.Debug|x86.Build.0 = Debug|Any CPU
		{BC3B8627-D426-4FD1-B39B-01344AC15EFE}.Release|Any CPU.ActiveCfg = Release|Any CPU
		{BC3B8627-D426-4FD1-B39B-01344AC15EFE}.Release|Any CPU.Build.0 = Release|Any CPU
		{BC3B8627-D426-4FD1-B39B-01344AC15EFE}.Release|x64.ActiveCfg = Release|Any CPU
		{BC3B8627-D426-4FD1-B39B-01344AC15EFE}.Release|x64.Build.0 = Release|Any CPU
		{BC3B8627-D426-4FD1-B39B-01344AC15EFE}.Release|x86.ActiveCfg = Release|Any CPU
		{BC3B8627-D426-4FD1-B39B-01344AC15EFE}.Release|x86.Build.0 = Release|Any CPU
		{77D9C1E3-2DC8-4E46-ACD2-80E0C20FF26C}.Debug|Any CPU.ActiveCfg = Debug|Any CPU
		{77D9C1E3-2DC8-4E46-ACD2-80E0C20FF26C}.Debug|Any CPU.Build.0 = Debug|Any CPU
		{77D9C1E3-2DC8-4E46-ACD2-80E0C20FF26C}.Debug|x64.ActiveCfg = Debug|Any CPU
		{77D9C1E3-2DC8-4E46-ACD2-80E0C20FF26C}.Debug|x64.Build.0 = Debug|Any CPU
		{77D9C1E3-2DC8-4E46-ACD2-80E0C20FF26C}.Debug|x86.ActiveCfg = Debug|Any CPU
		{77D9C1E3-2DC8-4E46-ACD2-80E0C20FF26C}.Debug|x86.Build.0 = Debug|Any CPU
		{77D9C1E3-2DC8-4E46-ACD2-80E0C20FF26C}.Release|Any CPU.ActiveCfg = Release|Any CPU
		{77D9C1E3-2DC8-4E46-ACD2-80E0C20FF26C}.Release|Any CPU.Build.0 = Release|Any CPU
		{77D9C1E3-2DC8-4E46-ACD2-80E0C20FF26C}.Release|x64.ActiveCfg = Release|Any CPU
		{77D9C1E3-2DC8-4E46-ACD2-80E0C20FF26C}.Release|x64.Build.0 = Release|Any CPU
		{77D9C1E3-2DC8-4E46-ACD2-80E0C20FF26C}.Release|x86.ActiveCfg = Release|Any CPU
		{77D9C1E3-2DC8-4E46-ACD2-80E0C20FF26C}.Release|x86.Build.0 = Release|Any CPU
		{0C6C91E1-B482-4E6D-8B47-7059709DD8AB}.Debug|Any CPU.ActiveCfg = Debug|Any CPU
		{0C6C91E1-B482-4E6D-8B47-7059709DD8AB}.Debug|Any CPU.Build.0 = Debug|Any CPU
		{0C6C91E1-B482-4E6D-8B47-7059709DD8AB}.Debug|x64.ActiveCfg = Debug|Any CPU
		{0C6C91E1-B482-4E6D-8B47-7059709DD8AB}.Debug|x64.Build.0 = Debug|Any CPU
		{0C6C91E1-B482-4E6D-8B47-7059709DD8AB}.Debug|x86.ActiveCfg = Debug|Any CPU
		{0C6C91E1-B482-4E6D-8B47-7059709DD8AB}.Debug|x86.Build.0 = Debug|Any CPU
		{0C6C91E1-B482-4E6D-8B47-7059709DD8AB}.Release|Any CPU.ActiveCfg = Release|Any CPU
		{0C6C91E1-B482-4E6D-8B47-7059709DD8AB}.Release|Any CPU.Build.0 = Release|Any CPU
		{0C6C91E1-B482-4E6D-8B47-7059709DD8AB}.Release|x64.ActiveCfg = Release|Any CPU
		{0C6C91E1-B482-4E6D-8B47-7059709DD8AB}.Release|x64.Build.0 = Release|Any CPU
		{0C6C91E1-B482-4E6D-8B47-7059709DD8AB}.Release|x86.ActiveCfg = Release|Any CPU
		{0C6C91E1-B482-4E6D-8B47-7059709DD8AB}.Release|x86.Build.0 = Release|Any CPU
		{04E0C32D-36AB-4426-B585-06E6CEAF1F03}.Debug|Any CPU.ActiveCfg = Debug|Any CPU
		{04E0C32D-36AB-4426-B585-06E6CEAF1F03}.Debug|Any CPU.Build.0 = Debug|Any CPU
		{04E0C32D-36AB-4426-B585-06E6CEAF1F03}.Debug|x64.ActiveCfg = Debug|Any CPU
		{04E0C32D-36AB-4426-B585-06E6CEAF1F03}.Debug|x64.Build.0 = Debug|Any CPU
		{04E0C32D-36AB-4426-B585-06E6CEAF1F03}.Debug|x86.ActiveCfg = Debug|Any CPU
		{04E0C32D-36AB-4426-B585-06E6CEAF1F03}.Debug|x86.Build.0 = Debug|Any CPU
		{04E0C32D-36AB-4426-B585-06E6CEAF1F03}.Release|Any CPU.ActiveCfg = Release|Any CPU
		{04E0C32D-36AB-4426-B585-06E6CEAF1F03}.Release|Any CPU.Build.0 = Release|Any CPU
		{04E0C32D-36AB-4426-B585-06E6CEAF1F03}.Release|x64.ActiveCfg = Release|Any CPU
		{04E0C32D-36AB-4426-B585-06E6CEAF1F03}.Release|x64.Build.0 = Release|Any CPU
		{04E0C32D-36AB-4426-B585-06E6CEAF1F03}.Release|x86.ActiveCfg = Release|Any CPU
		{04E0C32D-36AB-4426-B585-06E6CEAF1F03}.Release|x86.Build.0 = Release|Any CPU
	EndGlobalSection
EndGlobal
